// !$*UTF8*$!
{
	archiveVersion = 1;
	classes = {
	};
	objectVersion = 50;
	objects = {

/* Begin PBXBuildFile section */
		173BFC0A26A0AEA1004633AC /* AppDelegate.swift in Sources */ = {isa = PBXBuildFile; fileRef = 173BFC0926A0AEA1004633AC /* AppDelegate.swift */; };
		173BFC0C26A0AEA1004633AC /* SceneDelegate.swift in Sources */ = {isa = PBXBuildFile; fileRef = 173BFC0B26A0AEA1004633AC /* SceneDelegate.swift */; };
		173BFC0E26A0AEA1004633AC /* MainViewController.swift in Sources */ = {isa = PBXBuildFile; fileRef = 173BFC0D26A0AEA1004633AC /* MainViewController.swift */; };
		173BFC1126A0AEA1004633AC /* Main.storyboard in Resources */ = {isa = PBXBuildFile; fileRef = 173BFC0F26A0AEA1004633AC /* Main.storyboard */; };
		173BFC1326A0AEA4004633AC /* Assets.xcassets in Resources */ = {isa = PBXBuildFile; fileRef = 173BFC1226A0AEA4004633AC /* Assets.xcassets */; };
		173BFC1626A0AEA4004633AC /* LaunchScreen.storyboard in Resources */ = {isa = PBXBuildFile; fileRef = 173BFC1426A0AEA4004633AC /* LaunchScreen.storyboard */; };
		173BFC2726A0BD8D004633AC /* NetworkService.swift in Sources */ = {isa = PBXBuildFile; fileRef = 173BFC2626A0BD8D004633AC /* NetworkService.swift */; };
		173BFC2926A0BD9F004633AC /* NetworkTaskManager.swift in Sources */ = {isa = PBXBuildFile; fileRef = 173BFC2826A0BD9F004633AC /* NetworkTaskManager.swift */; };
		173BFC2B26A0BDAD004633AC /* Endpoint.swift in Sources */ = {isa = PBXBuildFile; fileRef = 173BFC2A26A0BDAD004633AC /* Endpoint.swift */; };
		173BFC2D26A0BDBA004633AC /* Result.swift in Sources */ = {isa = PBXBuildFile; fileRef = 173BFC2C26A0BDBA004633AC /* Result.swift */; };
		173BFC2F26A0BE1D004633AC /* StoryboardName.swift in Sources */ = {isa = PBXBuildFile; fileRef = 173BFC2E26A0BE1D004633AC /* StoryboardName.swift */; };
		173BFC3126A0BE2C004633AC /* StoryboardInstance.swift in Sources */ = {isa = PBXBuildFile; fileRef = 173BFC3026A0BE2C004633AC /* StoryboardInstance.swift */; };
		173BFC3326A0BE81004633AC /* ViewModelType.swift in Sources */ = {isa = PBXBuildFile; fileRef = 173BFC3226A0BE81004633AC /* ViewModelType.swift */; };
		173BFC3526A0BF27004633AC /* UIViewController+Extension.swift in Sources */ = {isa = PBXBuildFile; fileRef = 173BFC3426A0BF27004633AC /* UIViewController+Extension.swift */; };
		173BFC3726A0BF85004633AC /* WeatherEndpoint.swift in Sources */ = {isa = PBXBuildFile; fileRef = 173BFC3626A0BF85004633AC /* WeatherEndpoint.swift */; };
		173BFC3B26A0C2F7004633AC /* Constants.swift in Sources */ = {isa = PBXBuildFile; fileRef = 173BFC3A26A0C2F6004633AC /* Constants.swift */; };
		173BFC3D26A0C718004633AC /* CurrentWeather.swift in Sources */ = {isa = PBXBuildFile; fileRef = 173BFC3C26A0C718004633AC /* CurrentWeather.swift */; };
		173BFC3F26A0CA3F004633AC /* Coordinate.swift in Sources */ = {isa = PBXBuildFile; fileRef = 173BFC3E26A0CA3F004633AC /* Coordinate.swift */; };
		173BFC4126A0CACC004633AC /* Weather.swift in Sources */ = {isa = PBXBuildFile; fileRef = 173BFC4026A0CACC004633AC /* Weather.swift */; };
		173BFC4326A0CB52004633AC /* MainWeather.swift in Sources */ = {isa = PBXBuildFile; fileRef = 173BFC4226A0CB52004633AC /* MainWeather.swift */; };
		173BFC4526A0CCBD004633AC /* Wind.swift in Sources */ = {isa = PBXBuildFile; fileRef = 173BFC4426A0CCBD004633AC /* Wind.swift */; };
		173BFC4726A0CEED004633AC /* WeatherSpecific.swift in Sources */ = {isa = PBXBuildFile; fileRef = 173BFC4626A0CEED004633AC /* WeatherSpecific.swift */; };
		173BFC4926A0CFE7004633AC /* Clouds.swift in Sources */ = {isa = PBXBuildFile; fileRef = 173BFC4826A0CFE7004633AC /* Clouds.swift */; };
		173BFC4B26A0D135004633AC /* CurrentWeatherViewModel.swift in Sources */ = {isa = PBXBuildFile; fileRef = 173BFC4A26A0D135004633AC /* CurrentWeatherViewModel.swift */; };
		173BFC4F26A20694004633AC /* WeatherViewModel.swift in Sources */ = {isa = PBXBuildFile; fileRef = 173BFC4E26A20694004633AC /* WeatherViewModel.swift */; };
		173BFC5126A3FA70004633AC /* MainWeatherViewModel.swift in Sources */ = {isa = PBXBuildFile; fileRef = 173BFC5026A3FA70004633AC /* MainWeatherViewModel.swift */; };
		173BFC5526A3FF7D004633AC /* WindViewModel.swift in Sources */ = {isa = PBXBuildFile; fileRef = 173BFC5426A3FF7D004633AC /* WindViewModel.swift */; };
		173BFC5726A40833004633AC /* DailyWeather.swift in Sources */ = {isa = PBXBuildFile; fileRef = 173BFC5626A40833004633AC /* DailyWeather.swift */; };
		173BFC5B26A40A99004633AC /* DailyWeatherEndpoint.swift in Sources */ = {isa = PBXBuildFile; fileRef = 173BFC5A26A40A99004633AC /* DailyWeatherEndpoint.swift */; };
		173BFC5D26A40AE3004633AC /* DailyWeatherViewModel.swift in Sources */ = {isa = PBXBuildFile; fileRef = 173BFC5C26A40AE3004633AC /* DailyWeatherViewModel.swift */; };
		173BFC6126A41152004633AC /* DayTableViewCell.swift in Sources */ = {isa = PBXBuildFile; fileRef = 173BFC6026A41152004633AC /* DayTableViewCell.swift */; };
		17FA191526A4173B00FB58A9 /* Date+Extension.swift in Sources */ = {isa = PBXBuildFile; fileRef = 17FA191426A4173B00FB58A9 /* Date+Extension.swift */; };
		17FA191726A418C900FB58A9 /* DayViewModel.swift in Sources */ = {isa = PBXBuildFile; fileRef = 17FA191626A418C900FB58A9 /* DayViewModel.swift */; };
		17FA191926A42B3A00FB58A9 /* UIAlertController+Extention.swift in Sources */ = {isa = PBXBuildFile; fileRef = 17FA191826A42B3A00FB58A9 /* UIAlertController+Extention.swift */; };
/* End PBXBuildFile section */

/* Begin PBXFileReference section */
		173BFC0626A0AEA1004633AC /* IFWeather.app */ = {isa = PBXFileReference; explicitFileType = wrapper.application; includeInIndex = 0; path = IFWeather.app; sourceTree = BUILT_PRODUCTS_DIR; };
		173BFC0926A0AEA1004633AC /* AppDelegate.swift */ = {isa = PBXFileReference; lastKnownFileType = sourcecode.swift; path = AppDelegate.swift; sourceTree = "<group>"; };
		173BFC0B26A0AEA1004633AC /* SceneDelegate.swift */ = {isa = PBXFileReference; lastKnownFileType = sourcecode.swift; path = SceneDelegate.swift; sourceTree = "<group>"; };
		173BFC0D26A0AEA1004633AC /* MainViewController.swift */ = {isa = PBXFileReference; lastKnownFileType = sourcecode.swift; path = MainViewController.swift; sourceTree = "<group>"; };
		173BFC1026A0AEA1004633AC /* Base */ = {isa = PBXFileReference; lastKnownFileType = file.storyboard; name = Base; path = Base.lproj/Main.storyboard; sourceTree = "<group>"; };
		173BFC1226A0AEA4004633AC /* Assets.xcassets */ = {isa = PBXFileReference; lastKnownFileType = folder.assetcatalog; path = Assets.xcassets; sourceTree = "<group>"; };
		173BFC1526A0AEA4004633AC /* Base */ = {isa = PBXFileReference; lastKnownFileType = file.storyboard; name = Base; path = Base.lproj/LaunchScreen.storyboard; sourceTree = "<group>"; };
		173BFC1726A0AEA4004633AC /* Info.plist */ = {isa = PBXFileReference; lastKnownFileType = text.plist.xml; path = Info.plist; sourceTree = "<group>"; };
		173BFC2626A0BD8D004633AC /* NetworkService.swift */ = {isa = PBXFileReference; lastKnownFileType = sourcecode.swift; path = NetworkService.swift; sourceTree = "<group>"; };
		173BFC2826A0BD9F004633AC /* NetworkTaskManager.swift */ = {isa = PBXFileReference; lastKnownFileType = sourcecode.swift; path = NetworkTaskManager.swift; sourceTree = "<group>"; };
		173BFC2A26A0BDAD004633AC /* Endpoint.swift */ = {isa = PBXFileReference; lastKnownFileType = sourcecode.swift; path = Endpoint.swift; sourceTree = "<group>"; };
		173BFC2C26A0BDBA004633AC /* Result.swift */ = {isa = PBXFileReference; lastKnownFileType = sourcecode.swift; path = Result.swift; sourceTree = "<group>"; };
		173BFC2E26A0BE1D004633AC /* StoryboardName.swift */ = {isa = PBXFileReference; lastKnownFileType = sourcecode.swift; path = StoryboardName.swift; sourceTree = "<group>"; };
		173BFC3026A0BE2C004633AC /* StoryboardInstance.swift */ = {isa = PBXFileReference; lastKnownFileType = sourcecode.swift; path = StoryboardInstance.swift; sourceTree = "<group>"; };
		173BFC3226A0BE81004633AC /* ViewModelType.swift */ = {isa = PBXFileReference; lastKnownFileType = sourcecode.swift; path = ViewModelType.swift; sourceTree = "<group>"; };
		173BFC3426A0BF27004633AC /* UIViewController+Extension.swift */ = {isa = PBXFileReference; lastKnownFileType = sourcecode.swift; path = "UIViewController+Extension.swift"; sourceTree = "<group>"; };
		173BFC3626A0BF85004633AC /* WeatherEndpoint.swift */ = {isa = PBXFileReference; lastKnownFileType = sourcecode.swift; path = WeatherEndpoint.swift; sourceTree = "<group>"; };
		173BFC3A26A0C2F6004633AC /* Constants.swift */ = {isa = PBXFileReference; fileEncoding = 4; lastKnownFileType = sourcecode.swift; path = Constants.swift; sourceTree = "<group>"; };
		173BFC3C26A0C718004633AC /* CurrentWeather.swift */ = {isa = PBXFileReference; lastKnownFileType = sourcecode.swift; path = CurrentWeather.swift; sourceTree = "<group>"; };
		173BFC3E26A0CA3F004633AC /* Coordinate.swift */ = {isa = PBXFileReference; lastKnownFileType = sourcecode.swift; path = Coordinate.swift; sourceTree = "<group>"; };
		173BFC4026A0CACC004633AC /* Weather.swift */ = {isa = PBXFileReference; lastKnownFileType = sourcecode.swift; path = Weather.swift; sourceTree = "<group>"; };
		173BFC4226A0CB52004633AC /* MainWeather.swift */ = {isa = PBXFileReference; lastKnownFileType = sourcecode.swift; path = MainWeather.swift; sourceTree = "<group>"; };
		173BFC4426A0CCBD004633AC /* Wind.swift */ = {isa = PBXFileReference; lastKnownFileType = sourcecode.swift; path = Wind.swift; sourceTree = "<group>"; };
		173BFC4626A0CEED004633AC /* WeatherSpecific.swift */ = {isa = PBXFileReference; lastKnownFileType = sourcecode.swift; path = WeatherSpecific.swift; sourceTree = "<group>"; };
		173BFC4826A0CFE7004633AC /* Clouds.swift */ = {isa = PBXFileReference; lastKnownFileType = sourcecode.swift; path = Clouds.swift; sourceTree = "<group>"; };
		173BFC4A26A0D135004633AC /* CurrentWeatherViewModel.swift */ = {isa = PBXFileReference; lastKnownFileType = sourcecode.swift; path = CurrentWeatherViewModel.swift; sourceTree = "<group>"; };
		173BFC4E26A20694004633AC /* WeatherViewModel.swift */ = {isa = PBXFileReference; lastKnownFileType = sourcecode.swift; path = WeatherViewModel.swift; sourceTree = "<group>"; };
		173BFC5026A3FA70004633AC /* MainWeatherViewModel.swift */ = {isa = PBXFileReference; lastKnownFileType = sourcecode.swift; path = MainWeatherViewModel.swift; sourceTree = "<group>"; };
		173BFC5426A3FF7D004633AC /* WindViewModel.swift */ = {isa = PBXFileReference; lastKnownFileType = sourcecode.swift; path = WindViewModel.swift; sourceTree = "<group>"; };
		173BFC5626A40833004633AC /* DailyWeather.swift */ = {isa = PBXFileReference; lastKnownFileType = sourcecode.swift; path = DailyWeather.swift; sourceTree = "<group>"; };
		173BFC5A26A40A99004633AC /* DailyWeatherEndpoint.swift */ = {isa = PBXFileReference; lastKnownFileType = sourcecode.swift; path = DailyWeatherEndpoint.swift; sourceTree = "<group>"; };
		173BFC5C26A40AE3004633AC /* DailyWeatherViewModel.swift */ = {isa = PBXFileReference; lastKnownFileType = sourcecode.swift; path = DailyWeatherViewModel.swift; sourceTree = "<group>"; };
		173BFC6026A41152004633AC /* DayTableViewCell.swift */ = {isa = PBXFileReference; lastKnownFileType = sourcecode.swift; path = DayTableViewCell.swift; sourceTree = "<group>"; };
		17FA191426A4173B00FB58A9 /* Date+Extension.swift */ = {isa = PBXFileReference; lastKnownFileType = sourcecode.swift; path = "Date+Extension.swift"; sourceTree = "<group>"; };
		17FA191626A418C900FB58A9 /* DayViewModel.swift */ = {isa = PBXFileReference; lastKnownFileType = sourcecode.swift; path = DayViewModel.swift; sourceTree = "<group>"; };
		17FA191826A42B3A00FB58A9 /* UIAlertController+Extention.swift */ = {isa = PBXFileReference; lastKnownFileType = sourcecode.swift; path = "UIAlertController+Extention.swift"; sourceTree = "<group>"; };
/* End PBXFileReference section */

/* Begin PBXFrameworksBuildPhase section */
		173BFC0326A0AEA1004633AC /* Frameworks */ = {
			isa = PBXFrameworksBuildPhase;
			buildActionMask = 2147483647;
			files = (
			);
			runOnlyForDeploymentPostprocessing = 0;
		};
/* End PBXFrameworksBuildPhase section */

/* Begin PBXGroup section */
		173BFBFD26A0AEA1004633AC = {
			isa = PBXGroup;
			children = (
				173BFC0826A0AEA1004633AC /* IFWeather */,
				173BFC0726A0AEA1004633AC /* Products */,
			);
			sourceTree = "<group>";
		};
		173BFC0726A0AEA1004633AC /* Products */ = {
			isa = PBXGroup;
			children = (
				173BFC0626A0AEA1004633AC /* IFWeather.app */,
			);
			name = Products;
			sourceTree = "<group>";
		};
		173BFC0826A0AEA1004633AC /* IFWeather */ = {
			isa = PBXGroup;
			children = (
				173BFC0926A0AEA1004633AC /* AppDelegate.swift */,
				173BFC0B26A0AEA1004633AC /* SceneDelegate.swift */,
				173BFC1D26A0BB7C004633AC /* Common */,
				173BFC1E26A0BB85004633AC /* GlobalProtocols */,
				173BFC1F26A0BB92004633AC /* Extensions */,
				173BFC2426A0BBD9004633AC /* ViewModels */,
				173BFC2326A0BBD3004633AC /* Models */,
				173BFC2226A0BBC9004633AC /* Endpoints */,
				173BFC2126A0BBBC004633AC /* NetworkService */,
				173BFC2526A0BBF1004633AC /* UI */,
				173BFC0F26A0AEA1004633AC /* Main.storyboard */,
				173BFC1226A0AEA4004633AC /* Assets.xcassets */,
				173BFC1426A0AEA4004633AC /* LaunchScreen.storyboard */,
				173BFC1726A0AEA4004633AC /* Info.plist */,
			);
			path = IFWeather;
			sourceTree = "<group>";
		};
		173BFC1D26A0BB7C004633AC /* Common */ = {
			isa = PBXGroup;
			children = (
				173BFC2E26A0BE1D004633AC /* StoryboardName.swift */,
				173BFC3026A0BE2C004633AC /* StoryboardInstance.swift */,
				173BFC3A26A0C2F6004633AC /* Constants.swift */,
			);
			path = Common;
			sourceTree = "<group>";
		};
		173BFC1E26A0BB85004633AC /* GlobalProtocols */ = {
			isa = PBXGroup;
			children = (
				173BFC3226A0BE81004633AC /* ViewModelType.swift */,
			);
			path = GlobalProtocols;
			sourceTree = "<group>";
		};
		173BFC1F26A0BB92004633AC /* Extensions */ = {
			isa = PBXGroup;
			children = (
				173BFC3426A0BF27004633AC /* UIViewController+Extension.swift */,
				17FA191426A4173B00FB58A9 /* Date+Extension.swift */,
				17FA191826A42B3A00FB58A9 /* UIAlertController+Extention.swift */,
			);
			path = Extensions;
			sourceTree = "<group>";
		};
		173BFC2126A0BBBC004633AC /* NetworkService */ = {
			isa = PBXGroup;
			children = (
				173BFC2626A0BD8D004633AC /* NetworkService.swift */,
				173BFC2826A0BD9F004633AC /* NetworkTaskManager.swift */,
				173BFC2A26A0BDAD004633AC /* Endpoint.swift */,
				173BFC2C26A0BDBA004633AC /* Result.swift */,
			);
			path = NetworkService;
			sourceTree = "<group>";
		};
		173BFC2226A0BBC9004633AC /* Endpoints */ = {
			isa = PBXGroup;
			children = (
				173BFC3626A0BF85004633AC /* WeatherEndpoint.swift */,
				173BFC5A26A40A99004633AC /* DailyWeatherEndpoint.swift */,
			);
			path = Endpoints;
			sourceTree = "<group>";
		};
		173BFC2326A0BBD3004633AC /* Models */ = {
			isa = PBXGroup;
			children = (
				173BFC3C26A0C718004633AC /* CurrentWeather.swift */,
				173BFC3E26A0CA3F004633AC /* Coordinate.swift */,
				173BFC4026A0CACC004633AC /* Weather.swift */,
				173BFC4226A0CB52004633AC /* MainWeather.swift */,
				173BFC4426A0CCBD004633AC /* Wind.swift */,
				173BFC4826A0CFE7004633AC /* Clouds.swift */,
				173BFC4626A0CEED004633AC /* WeatherSpecific.swift */,
				173BFC5626A40833004633AC /* DailyWeather.swift */,
			);
			path = Models;
			sourceTree = "<group>";
		};
		173BFC2426A0BBD9004633AC /* ViewModels */ = {
			isa = PBXGroup;
			children = (
				173BFC4A26A0D135004633AC /* CurrentWeatherViewModel.swift */,
				173BFC5026A3FA70004633AC /* MainWeatherViewModel.swift */,
				173BFC5426A3FF7D004633AC /* WindViewModel.swift */,
				173BFC4E26A20694004633AC /* WeatherViewModel.swift */,
				173BFC5C26A40AE3004633AC /* DailyWeatherViewModel.swift */,
				17FA191626A418C900FB58A9 /* DayViewModel.swift */,
			);
			path = ViewModels;
			sourceTree = "<group>";
		};
		173BFC2526A0BBF1004633AC /* UI */ = {
			isa = PBXGroup;
			children = (
				173BFC5E26A4112D004633AC /* Views */,
				173BFC4C26A1F314004633AC /* Controllers */,
			);
			path = UI;
			sourceTree = "<group>";
		};
		173BFC4C26A1F314004633AC /* Controllers */ = {
			isa = PBXGroup;
			children = (
				173BFC0D26A0AEA1004633AC /* MainViewController.swift */,
			);
			path = Controllers;
			sourceTree = "<group>";
		};
		173BFC5E26A4112D004633AC /* Views */ = {
			isa = PBXGroup;
			children = (
				173BFC5F26A41134004633AC /* Cells */,
			);
			path = Views;
			sourceTree = "<group>";
		};
		173BFC5F26A41134004633AC /* Cells */ = {
			isa = PBXGroup;
			children = (
				173BFC6026A41152004633AC /* DayTableViewCell.swift */,
			);
			path = Cells;
			sourceTree = "<group>";
		};
/* End PBXGroup section */

/* Begin PBXNativeTarget section */
		173BFC0526A0AEA1004633AC /* IFWeather */ = {
			isa = PBXNativeTarget;
			buildConfigurationList = 173BFC1A26A0AEA4004633AC /* Build configuration list for PBXNativeTarget "IFWeather" */;
			buildPhases = (
				173BFC0226A0AEA1004633AC /* Sources */,
				173BFC0326A0AEA1004633AC /* Frameworks */,
				173BFC0426A0AEA1004633AC /* Resources */,
			);
			buildRules = (
			);
			dependencies = (
			);
			name = IFWeather;
			productName = IFWeather;
			productReference = 173BFC0626A0AEA1004633AC /* IFWeather.app */;
			productType = "com.apple.product-type.application";
		};
/* End PBXNativeTarget section */

/* Begin PBXProject section */
		173BFBFE26A0AEA1004633AC /* Project object */ = {
			isa = PBXProject;
			attributes = {
				LastSwiftUpdateCheck = 1250;
				LastUpgradeCheck = 1250;
				TargetAttributes = {
					173BFC0526A0AEA1004633AC = {
						CreatedOnToolsVersion = 12.5.1;
					};
				};
			};
			buildConfigurationList = 173BFC0126A0AEA1004633AC /* Build configuration list for PBXProject "IFWeather" */;
			compatibilityVersion = "Xcode 9.3";
			developmentRegion = en;
			hasScannedForEncodings = 0;
			knownRegions = (
				en,
				Base,
			);
			mainGroup = 173BFBFD26A0AEA1004633AC;
			productRefGroup = 173BFC0726A0AEA1004633AC /* Products */;
			projectDirPath = "";
			projectRoot = "";
			targets = (
				173BFC0526A0AEA1004633AC /* IFWeather */,
			);
		};
/* End PBXProject section */

/* Begin PBXResourcesBuildPhase section */
		173BFC0426A0AEA1004633AC /* Resources */ = {
			isa = PBXResourcesBuildPhase;
			buildActionMask = 2147483647;
			files = (
				173BFC1626A0AEA4004633AC /* LaunchScreen.storyboard in Resources */,
				173BFC1326A0AEA4004633AC /* Assets.xcassets in Resources */,
				173BFC1126A0AEA1004633AC /* Main.storyboard in Resources */,
			);
			runOnlyForDeploymentPostprocessing = 0;
		};
/* End PBXResourcesBuildPhase section */

/* Begin PBXSourcesBuildPhase section */
		173BFC0226A0AEA1004633AC /* Sources */ = {
			isa = PBXSourcesBuildPhase;
			buildActionMask = 2147483647;
			files = (
				173BFC0E26A0AEA1004633AC /* MainViewController.swift in Sources */,
				173BFC5D26A40AE3004633AC /* DailyWeatherViewModel.swift in Sources */,
				173BFC3526A0BF27004633AC /* UIViewController+Extension.swift in Sources */,
				173BFC5126A3FA70004633AC /* MainWeatherViewModel.swift in Sources */,
				173BFC2F26A0BE1D004633AC /* StoryboardName.swift in Sources */,
				173BFC4F26A20694004633AC /* WeatherViewModel.swift in Sources */,
				17FA191926A42B3A00FB58A9 /* UIAlertController+Extention.swift in Sources */,
				173BFC5726A40833004633AC /* DailyWeather.swift in Sources */,
				173BFC0A26A0AEA1004633AC /* AppDelegate.swift in Sources */,
				173BFC5B26A40A99004633AC /* DailyWeatherEndpoint.swift in Sources */,
				173BFC2926A0BD9F004633AC /* NetworkTaskManager.swift in Sources */,
				173BFC3726A0BF85004633AC /* WeatherEndpoint.swift in Sources */,
				173BFC2726A0BD8D004633AC /* NetworkService.swift in Sources */,
				173BFC3B26A0C2F7004633AC /* Constants.swift in Sources */,
				173BFC4126A0CACC004633AC /* Weather.swift in Sources */,
				173BFC6126A41152004633AC /* DayTableViewCell.swift in Sources */,
				173BFC4926A0CFE7004633AC /* Clouds.swift in Sources */,
				17FA191526A4173B00FB58A9 /* Date+Extension.swift in Sources */,
				17FA191726A418C900FB58A9 /* DayViewModel.swift in Sources */,
				173BFC5526A3FF7D004633AC /* WindViewModel.swift in Sources */,
				173BFC4726A0CEED004633AC /* WeatherSpecific.swift in Sources */,
				173BFC4326A0CB52004633AC /* MainWeather.swift in Sources */,
				173BFC2D26A0BDBA004633AC /* Result.swift in Sources */,
				173BFC4526A0CCBD004633AC /* Wind.swift in Sources */,
				173BFC2B26A0BDAD004633AC /* Endpoint.swift in Sources */,
				173BFC3D26A0C718004633AC /* CurrentWeather.swift in Sources */,
				173BFC3126A0BE2C004633AC /* StoryboardInstance.swift in Sources */,
				173BFC3326A0BE81004633AC /* ViewModelType.swift in Sources */,
				173BFC0C26A0AEA1004633AC /* SceneDelegate.swift in Sources */,
				173BFC3F26A0CA3F004633AC /* Coordinate.swift in Sources */,
				173BFC4B26A0D135004633AC /* CurrentWeatherViewModel.swift in Sources */,
			);
			runOnlyForDeploymentPostprocessing = 0;
		};
/* End PBXSourcesBuildPhase section */

/* Begin PBXVariantGroup section */
		173BFC0F26A0AEA1004633AC /* Main.storyboard */ = {
			isa = PBXVariantGroup;
			children = (
				173BFC1026A0AEA1004633AC /* Base */,
			);
			name = Main.storyboard;
			sourceTree = "<group>";
		};
		173BFC1426A0AEA4004633AC /* LaunchScreen.storyboard */ = {
			isa = PBXVariantGroup;
			children = (
				173BFC1526A0AEA4004633AC /* Base */,
			);
			name = LaunchScreen.storyboard;
			sourceTree = "<group>";
		};
/* End PBXVariantGroup section */

/* Begin XCBuildConfiguration section */
		173BFC1826A0AEA4004633AC /* Debug */ = {
			isa = XCBuildConfiguration;
			buildSettings = {
				ALWAYS_SEARCH_USER_PATHS = NO;
				CLANG_ANALYZER_NONNULL = YES;
				CLANG_ANALYZER_NUMBER_OBJECT_CONVERSION = YES_AGGRESSIVE;
				CLANG_CXX_LANGUAGE_STANDARD = "gnu++14";
				CLANG_CXX_LIBRARY = "libc++";
				CLANG_ENABLE_MODULES = YES;
				CLANG_ENABLE_OBJC_ARC = YES;
				CLANG_ENABLE_OBJC_WEAK = YES;
				CLANG_WARN_BLOCK_CAPTURE_AUTORELEASING = YES;
				CLANG_WARN_BOOL_CONVERSION = YES;
				CLANG_WARN_COMMA = YES;
				CLANG_WARN_CONSTANT_CONVERSION = YES;
				CLANG_WARN_DEPRECATED_OBJC_IMPLEMENTATIONS = YES;
				CLANG_WARN_DIRECT_OBJC_ISA_USAGE = YES_ERROR;
				CLANG_WARN_DOCUMENTATION_COMMENTS = YES;
				CLANG_WARN_EMPTY_BODY = YES;
				CLANG_WARN_ENUM_CONVERSION = YES;
				CLANG_WARN_INFINITE_RECURSION = YES;
				CLANG_WARN_INT_CONVERSION = YES;
				CLANG_WARN_NON_LITERAL_NULL_CONVERSION = YES;
				CLANG_WARN_OBJC_IMPLICIT_RETAIN_SELF = YES;
				CLANG_WARN_OBJC_LITERAL_CONVERSION = YES;
				CLANG_WARN_OBJC_ROOT_CLASS = YES_ERROR;
				CLANG_WARN_QUOTED_INCLUDE_IN_FRAMEWORK_HEADER = YES;
				CLANG_WARN_RANGE_LOOP_ANALYSIS = YES;
				CLANG_WARN_STRICT_PROTOTYPES = YES;
				CLANG_WARN_SUSPICIOUS_MOVE = YES;
				CLANG_WARN_UNGUARDED_AVAILABILITY = YES_AGGRESSIVE;
				CLANG_WARN_UNREACHABLE_CODE = YES;
				CLANG_WARN__DUPLICATE_METHOD_MATCH = YES;
				COPY_PHASE_STRIP = NO;
				DEBUG_INFORMATION_FORMAT = dwarf;
				ENABLE_STRICT_OBJC_MSGSEND = YES;
				ENABLE_TESTABILITY = YES;
				GCC_C_LANGUAGE_STANDARD = gnu11;
				GCC_DYNAMIC_NO_PIC = NO;
				GCC_NO_COMMON_BLOCKS = YES;
				GCC_OPTIMIZATION_LEVEL = 0;
				GCC_PREPROCESSOR_DEFINITIONS = (
					"DEBUG=1",
					"$(inherited)",
				);
				GCC_WARN_64_TO_32_BIT_CONVERSION = YES;
				GCC_WARN_ABOUT_RETURN_TYPE = YES_ERROR;
				GCC_WARN_UNDECLARED_SELECTOR = YES;
				GCC_WARN_UNINITIALIZED_AUTOS = YES_AGGRESSIVE;
				GCC_WARN_UNUSED_FUNCTION = YES;
				GCC_WARN_UNUSED_VARIABLE = YES;
				IPHONEOS_DEPLOYMENT_TARGET = 14.5;
				MTL_ENABLE_DEBUG_INFO = INCLUDE_SOURCE;
				MTL_FAST_MATH = YES;
				ONLY_ACTIVE_ARCH = YES;
				SDKROOT = iphoneos;
				SWIFT_ACTIVE_COMPILATION_CONDITIONS = DEBUG;
				SWIFT_OPTIMIZATION_LEVEL = "-Onone";
			};
			name = Debug;
		};
		173BFC1926A0AEA4004633AC /* Release */ = {
			isa = XCBuildConfiguration;
			buildSettings = {
				ALWAYS_SEARCH_USER_PATHS = NO;
				CLANG_ANALYZER_NONNULL = YES;
				CLANG_ANALYZER_NUMBER_OBJECT_CONVERSION = YES_AGGRESSIVE;
				CLANG_CXX_LANGUAGE_STANDARD = "gnu++14";
				CLANG_CXX_LIBRARY = "libc++";
				CLANG_ENABLE_MODULES = YES;
				CLANG_ENABLE_OBJC_ARC = YES;
				CLANG_ENABLE_OBJC_WEAK = YES;
				CLANG_WARN_BLOCK_CAPTURE_AUTORELEASING = YES;
				CLANG_WARN_BOOL_CONVERSION = YES;
				CLANG_WARN_COMMA = YES;
				CLANG_WARN_CONSTANT_CONVERSION = YES;
				CLANG_WARN_DEPRECATED_OBJC_IMPLEMENTATIONS = YES;
				CLANG_WARN_DIRECT_OBJC_ISA_USAGE = YES_ERROR;
				CLANG_WARN_DOCUMENTATION_COMMENTS = YES;
				CLANG_WARN_EMPTY_BODY = YES;
				CLANG_WARN_ENUM_CONVERSION = YES;
				CLANG_WARN_INFINITE_RECURSION = YES;
				CLANG_WARN_INT_CONVERSION = YES;
				CLANG_WARN_NON_LITERAL_NULL_CONVERSION = YES;
				CLANG_WARN_OBJC_IMPLICIT_RETAIN_SELF = YES;
				CLANG_WARN_OBJC_LITERAL_CONVERSION = YES;
				CLANG_WARN_OBJC_ROOT_CLASS = YES_ERROR;
				CLANG_WARN_QUOTED_INCLUDE_IN_FRAMEWORK_HEADER = YES;
				CLANG_WARN_RANGE_LOOP_ANALYSIS = YES;
				CLANG_WARN_STRICT_PROTOTYPES = YES;
				CLANG_WARN_SUSPICIOUS_MOVE = YES;
				CLANG_WARN_UNGUARDED_AVAILABILITY = YES_AGGRESSIVE;
				CLANG_WARN_UNREACHABLE_CODE = YES;
				CLANG_WARN__DUPLICATE_METHOD_MATCH = YES;
				COPY_PHASE_STRIP = NO;
				DEBUG_INFORMATION_FORMAT = "dwarf-with-dsym";
				ENABLE_NS_ASSERTIONS = NO;
				ENABLE_STRICT_OBJC_MSGSEND = YES;
				GCC_C_LANGUAGE_STANDARD = gnu11;
				GCC_NO_COMMON_BLOCKS = YES;
				GCC_WARN_64_TO_32_BIT_CONVERSION = YES;
				GCC_WARN_ABOUT_RETURN_TYPE = YES_ERROR;
				GCC_WARN_UNDECLARED_SELECTOR = YES;
				GCC_WARN_UNINITIALIZED_AUTOS = YES_AGGRESSIVE;
				GCC_WARN_UNUSED_FUNCTION = YES;
				GCC_WARN_UNUSED_VARIABLE = YES;
				IPHONEOS_DEPLOYMENT_TARGET = 14.5;
				MTL_ENABLE_DEBUG_INFO = NO;
				MTL_FAST_MATH = YES;
				SDKROOT = iphoneos;
				SWIFT_COMPILATION_MODE = wholemodule;
				SWIFT_OPTIMIZATION_LEVEL = "-O";
				VALIDATE_PRODUCT = YES;
			};
			name = Release;
		};
		173BFC1B26A0AEA4004633AC /* Debug */ = {
			isa = XCBuildConfiguration;
			buildSettings = {
				ASSETCATALOG_COMPILER_APPICON_NAME = AppIcon;
				ASSETCATALOG_COMPILER_GLOBAL_ACCENT_COLOR_NAME = AccentColor;
				CODE_SIGN_STYLE = Automatic;
				DEVELOPMENT_TEAM = ZRZ7BP5S8U;
				INFOPLIST_FILE = IFWeather/Info.plist;
				LD_RUNPATH_SEARCH_PATHS = (
					"$(inherited)",
					"@executable_path/Frameworks",
				);
				PRODUCT_BUNDLE_IDENTIFIER = com.weather.IFWeather;
				PRODUCT_NAME = "$(TARGET_NAME)";
				SWIFT_VERSION = 5.0;
				TARGETED_DEVICE_FAMILY = "1,2";
			};
			name = Debug;
		};
		173BFC1C26A0AEA4004633AC /* Release */ = {
			isa = XCBuildConfiguration;
			buildSettings = {
				ASSETCATALOG_COMPILER_APPICON_NAME = AppIcon;
				ASSETCATALOG_COMPILER_GLOBAL_ACCENT_COLOR_NAME = AccentColor;
				CODE_SIGN_STYLE = Automatic;
				DEVELOPMENT_TEAM = ZRZ7BP5S8U;
				INFOPLIST_FILE = IFWeather/Info.plist;
				LD_RUNPATH_SEARCH_PATHS = (
					"$(inherited)",
					"@executable_path/Frameworks",
				);
				PRODUCT_BUNDLE_IDENTIFIER = com.weather.IFWeather;
				PRODUCT_NAME = "$(TARGET_NAME)";
				SWIFT_VERSION = 5.0;
				TARGETED_DEVICE_FAMILY = "1,2";
			};
			name = Release;
		};
/* End XCBuildConfiguration section */

/* Begin XCConfigurationList section */
		173BFC0126A0AEA1004633AC /* Build configuration list for PBXProject "IFWeather" */ = {
			isa = XCConfigurationList;
			buildConfigurations = (
				173BFC1826A0AEA4004633AC /* Debug */,
				173BFC1926A0AEA4004633AC /* Release */,
			);
			defaultConfigurationIsVisible = 0;
			defaultConfigurationName = Release;
		};
		173BFC1A26A0AEA4004633AC /* Build configuration list for PBXNativeTarget "IFWeather" */ = {
			isa = XCConfigurationList;
			buildConfigurations = (
				173BFC1B26A0AEA4004633AC /* Debug */,
				173BFC1C26A0AEA4004633AC /* Release */,
			);
			defaultConfigurationIsVisible = 0;
			defaultConfigurationName = Release;
		};
/* End XCConfigurationList section */
	};
	rootObject = 173BFBFE26A0AEA1004633AC /* Project object */;
}
